
Microsoft Visual Studio Solution File, Format Version 12.00
# Visual Studio Version 17
VisualStudioVersion = 17.14.36221.1 d17.14
MinimumVisualStudioVersion = 10.0.40219.1
Project("{FAE04EC0-301F-11D3-BF4B-00C04F79EFBC}") = "crudUsingRest", "crudUsingRest\crudUsingRest.csproj", "{6674F438-D753-4AF6-B0E5-BACCA6FDC09C}"
EndProject
Global
	GlobalSection(SolutionConfigurationPlatforms) = preSolution
		Debug|Any CPU = Debug|Any CPU
		Release|Any CPU = Release|Any CPU
	EndGlobalSection
	GlobalSection(ProjectConfigurationPlatforms) = postSolution
		{6674F438-D753-4AF6-B0E5-BACCA6FDC09C}.Debug|Any CPU.ActiveCfg = Debug|Any CPU
		{6674F438-D753-4AF6-B0E5-BACCA6FDC09C}.Debug|Any CPU.Build.0 = Debug|Any CPU
		{6674F438-D753-4AF6-B0E5-BACCA6FDC09C}.Release|Any CPU.ActiveCfg = Release|Any CPU
		{6674F438-D753-4AF6-B0E5-BACCA6FDC09C}.Release|Any CPU.Build.0 = Release|Any CPU
	EndGlobalSection
	GlobalSection(SolutionProperties) = preSolution
		HideSolutionNode = FALSE
	EndGlobalSection
	GlobalSection(ExtensibilityGlobals) = postSolution
		SolutionGuid = {32C0BB89-1EB6-46E2-95F4-0CFDC72F4F37}
	EndGlobalSection
EndGlobal
